
Microsoft Visual Studio Solution File, Format Version 11.00
# Visual Studio 2010
Project("{FAE04EC0-301F-11D3-BF4B-00C04F79EFBC}") = "ItlGmHelper", "ItlGmHelper\ItlGmHelper.csproj", "{3E4EB2C5-B685-4C6A-847A-5D1246397BA2}"
EndProject
Global
	GlobalSection(SharpSetup) = preSolution
		Version = 1.2
	EndGlobalSection
	GlobalSection(SolutionConfigurationPlatforms) = preSolution
		Debug|x86 = Debug|x86
		Release|x86 = Release|x86
	EndGlobalSection
	GlobalSection(ProjectConfigurationPlatforms) = postSolution
		{3E4EB2C5-B685-4C6A-847A-5D1246397BA2}.Debug|x86.ActiveCfg = Debug|x86
		{3E4EB2C5-B685-4C6A-847A-5D1246397BA2}.Debug|x86.Build.0 = Debug|x86
		{3E4EB2C5-B685-4C6A-847A-5D1246397BA2}.Release|x86.ActiveCfg = Release|x86
		{3E4EB2C5-B685-4C6A-847A-5D1246397BA2}.Release|x86.Build.0 = Release|x86
	EndGlobalSection
	GlobalSection(SolutionProperties) = preSolution
		HideSolutionNode = FALSE
	EndGlobalSection
EndGlobal
